// !$*UTF8*$!
{
	archiveVersion = 1;
	classes = {
	};
	objectVersion = 46;
	objects = {

/* Begin PBXBuildFile section */
		A70B5C1E1CDF348B00E0EA0D /* CoreData.framework in Frameworks */ = {isa = PBXBuildFile; fileRef = A70B5C1D1CDF348B00E0EA0D /* CoreData.framework */; };
		A70B5C281CDF361A00E0EA0D /* AddSemesterViewController.swift in Sources */ = {isa = PBXBuildFile; fileRef = A70B5C271CDF361A00E0EA0D /* AddSemesterViewController.swift */; };
		A70B5C351CE0698F00E0EA0D /* Semester+CoreDataProperties.swift in Sources */ = {isa = PBXBuildFile; fileRef = A70B5C331CE0698F00E0EA0D /* Semester+CoreDataProperties.swift */; };
		A70B5C361CE0698F00E0EA0D /* Semester.swift in Sources */ = {isa = PBXBuildFile; fileRef = A70B5C341CE0698F00E0EA0D /* Semester.swift */; };
		A70B5C381CE06B4D00E0EA0D /* SemesterViewController.swift in Sources */ = {isa = PBXBuildFile; fileRef = A70B5C371CE06B4D00E0EA0D /* SemesterViewController.swift */; };
		A70B5C3B1CE06E1800E0EA0D /* SemesterCell.swift in Sources */ = {isa = PBXBuildFile; fileRef = A70B5C3A1CE06E1800E0EA0D /* SemesterCell.swift */; };
		A754CE261CE1A8FB00283B84 /* Course+CoreDataProperties.swift in Sources */ = {isa = PBXBuildFile; fileRef = A754CE241CE1A8FB00283B84 /* Course+CoreDataProperties.swift */; };
		A754CE271CE1A8FB00283B84 /* Course.swift in Sources */ = {isa = PBXBuildFile; fileRef = A754CE251CE1A8FB00283B84 /* Course.swift */; };
		A754CE291CE2D1F200283B84 /* CourseViewController.swift in Sources */ = {isa = PBXBuildFile; fileRef = A754CE281CE2D1F200283B84 /* CourseViewController.swift */; };
		A754CE2B1CE2D9CE00283B84 /* AddCourseViewController.swift in Sources */ = {isa = PBXBuildFile; fileRef = A754CE2A1CE2D9CE00283B84 /* AddCourseViewController.swift */; };
		A754CE2D1CE2E22100283B84 /* CourseCell.swift in Sources */ = {isa = PBXBuildFile; fileRef = A754CE2C1CE2E22100283B84 /* CourseCell.swift */; };
		A768E6B51CD46C1100CB7E1F /* AppDelegate.swift in Sources */ = {isa = PBXBuildFile; fileRef = A768E6B41CD46C1100CB7E1F /* AppDelegate.swift */; };
		A768E6B71CD46C1100CB7E1F /* ViewController.swift in Sources */ = {isa = PBXBuildFile; fileRef = A768E6B61CD46C1100CB7E1F /* ViewController.swift */; };
		A768E6BA1CD46C1200CB7E1F /* Main.storyboard in Resources */ = {isa = PBXBuildFile; fileRef = A768E6B81CD46C1200CB7E1F /* Main.storyboard */; };
		A768E6BD1CD46C1200CB7E1F /* UniTimeTable.xcdatamodeld in Sources */ = {isa = PBXBuildFile; fileRef = A768E6BB1CD46C1200CB7E1F /* UniTimeTable.xcdatamodeld */; };
		A768E6BF1CD46C1200CB7E1F /* Assets.xcassets in Resources */ = {isa = PBXBuildFile; fileRef = A768E6BE1CD46C1200CB7E1F /* Assets.xcassets */; };
		A768E6C21CD46C1200CB7E1F /* LaunchScreen.storyboard in Resources */ = {isa = PBXBuildFile; fileRef = A768E6C01CD46C1200CB7E1F /* LaunchScreen.storyboard */; };
		A768E6CD1CD46C1200CB7E1F /* UniTimeTableTests.swift in Sources */ = {isa = PBXBuildFile; fileRef = A768E6CC1CD46C1200CB7E1F /* UniTimeTableTests.swift */; };
		A768E6D81CD46C1200CB7E1F /* UniTimeTableUITests.swift in Sources */ = {isa = PBXBuildFile; fileRef = A768E6D71CD46C1200CB7E1F /* UniTimeTableUITests.swift */; };
/* End PBXBuildFile section */

/* Begin PBXContainerItemProxy section */
		A768E6C91CD46C1200CB7E1F /* PBXContainerItemProxy */ = {
			isa = PBXContainerItemProxy;
			containerPortal = A768E6A91CD46C1100CB7E1F /* Project object */;
			proxyType = 1;
			remoteGlobalIDString = A768E6B01CD46C1100CB7E1F;
			remoteInfo = UniTimeTable;
		};
		A768E6D41CD46C1200CB7E1F /* PBXContainerItemProxy */ = {
			isa = PBXContainerItemProxy;
			containerPortal = A768E6A91CD46C1100CB7E1F /* Project object */;
			proxyType = 1;
			remoteGlobalIDString = A768E6B01CD46C1100CB7E1F;
			remoteInfo = UniTimeTable;
		};
/* End PBXContainerItemProxy section */

/* Begin PBXFileReference section */
		A70B5C1D1CDF348B00E0EA0D /* CoreData.framework */ = {isa = PBXFileReference; lastKnownFileType = wrapper.framework; name = CoreData.framework; path = System/Library/Frameworks/CoreData.framework; sourceTree = SDKROOT; };
		A70B5C271CDF361A00E0EA0D /* AddSemesterViewController.swift */ = {isa = PBXFileReference; fileEncoding = 4; lastKnownFileType = sourcecode.swift; path = AddSemesterViewController.swift; sourceTree = "<group>"; };
		A70B5C331CE0698F00E0EA0D /* Semester+CoreDataProperties.swift */ = {isa = PBXFileReference; fileEncoding = 4; lastKnownFileType = sourcecode.swift; path = "Semester+CoreDataProperties.swift"; sourceTree = "<group>"; };
		A70B5C341CE0698F00E0EA0D /* Semester.swift */ = {isa = PBXFileReference; fileEncoding = 4; lastKnownFileType = sourcecode.swift; path = Semester.swift; sourceTree = "<group>"; };
		A70B5C371CE06B4D00E0EA0D /* SemesterViewController.swift */ = {isa = PBXFileReference; fileEncoding = 4; lastKnownFileType = sourcecode.swift; path = SemesterViewController.swift; sourceTree = "<group>"; };
		A70B5C3A1CE06E1800E0EA0D /* SemesterCell.swift */ = {isa = PBXFileReference; fileEncoding = 4; lastKnownFileType = sourcecode.swift; path = SemesterCell.swift; sourceTree = "<group>"; };
		A754CE241CE1A8FB00283B84 /* Course+CoreDataProperties.swift */ = {isa = PBXFileReference; fileEncoding = 4; lastKnownFileType = sourcecode.swift; path = "Course+CoreDataProperties.swift"; sourceTree = "<group>"; };
		A754CE251CE1A8FB00283B84 /* Course.swift */ = {isa = PBXFileReference; fileEncoding = 4; lastKnownFileType = sourcecode.swift; path = Course.swift; sourceTree = "<group>"; };
		A754CE281CE2D1F200283B84 /* CourseViewController.swift */ = {isa = PBXFileReference; fileEncoding = 4; lastKnownFileType = sourcecode.swift; path = CourseViewController.swift; sourceTree = "<group>"; };
		A754CE2A1CE2D9CE00283B84 /* AddCourseViewController.swift */ = {isa = PBXFileReference; fileEncoding = 4; lastKnownFileType = sourcecode.swift; path = AddCourseViewController.swift; sourceTree = "<group>"; };
		A754CE2C1CE2E22100283B84 /* CourseCell.swift */ = {isa = PBXFileReference; fileEncoding = 4; lastKnownFileType = sourcecode.swift; path = CourseCell.swift; sourceTree = "<group>"; };
		A768E6B11CD46C1100CB7E1F /* UniTimeTable.app */ = {isa = PBXFileReference; explicitFileType = wrapper.application; includeInIndex = 0; path = UniTimeTable.app; sourceTree = BUILT_PRODUCTS_DIR; };
		A768E6B41CD46C1100CB7E1F /* AppDelegate.swift */ = {isa = PBXFileReference; lastKnownFileType = sourcecode.swift; path = AppDelegate.swift; sourceTree = "<group>"; };
		A768E6B61CD46C1100CB7E1F /* ViewController.swift */ = {isa = PBXFileReference; lastKnownFileType = sourcecode.swift; path = ViewController.swift; sourceTree = "<group>"; };
		A768E6B91CD46C1200CB7E1F /* Base */ = {isa = PBXFileReference; lastKnownFileType = file.storyboard; name = Base; path = Base.lproj/Main.storyboard; sourceTree = "<group>"; };
		A768E6BC1CD46C1200CB7E1F /* UniTimeTable.xcdatamodel */ = {isa = PBXFileReference; lastKnownFileType = wrapper.xcdatamodel; path = UniTimeTable.xcdatamodel; sourceTree = "<group>"; };
		A768E6BE1CD46C1200CB7E1F /* Assets.xcassets */ = {isa = PBXFileReference; lastKnownFileType = folder.assetcatalog; path = Assets.xcassets; sourceTree = "<group>"; };
		A768E6C11CD46C1200CB7E1F /* Base */ = {isa = PBXFileReference; lastKnownFileType = file.storyboard; name = Base; path = Base.lproj/LaunchScreen.storyboard; sourceTree = "<group>"; };
		A768E6C31CD46C1200CB7E1F /* Info.plist */ = {isa = PBXFileReference; lastKnownFileType = text.plist.xml; path = Info.plist; sourceTree = "<group>"; };
		A768E6C81CD46C1200CB7E1F /* UniTimeTableTests.xctest */ = {isa = PBXFileReference; explicitFileType = wrapper.cfbundle; includeInIndex = 0; path = UniTimeTableTests.xctest; sourceTree = BUILT_PRODUCTS_DIR; };
		A768E6CC1CD46C1200CB7E1F /* UniTimeTableTests.swift */ = {isa = PBXFileReference; lastKnownFileType = sourcecode.swift; path = UniTimeTableTests.swift; sourceTree = "<group>"; };
		A768E6CE1CD46C1200CB7E1F /* Info.plist */ = {isa = PBXFileReference; lastKnownFileType = text.plist.xml; path = Info.plist; sourceTree = "<group>"; };
		A768E6D31CD46C1200CB7E1F /* UniTimeTableUITests.xctest */ = {isa = PBXFileReference; explicitFileType = wrapper.cfbundle; includeInIndex = 0; path = UniTimeTableUITests.xctest; sourceTree = BUILT_PRODUCTS_DIR; };
		A768E6D71CD46C1200CB7E1F /* UniTimeTableUITests.swift */ = {isa = PBXFileReference; lastKnownFileType = sourcecode.swift; path = UniTimeTableUITests.swift; sourceTree = "<group>"; };
		A768E6D91CD46C1200CB7E1F /* Info.plist */ = {isa = PBXFileReference; lastKnownFileType = text.plist.xml; path = Info.plist; sourceTree = "<group>"; };
/* End PBXFileReference section */

/* Begin PBXFrameworksBuildPhase section */
		A768E6AE1CD46C1100CB7E1F /* Frameworks */ = {
			isa = PBXFrameworksBuildPhase;
			buildActionMask = 2147483647;
			files = (
				A70B5C1E1CDF348B00E0EA0D /* CoreData.framework in Frameworks */,
			);
			runOnlyForDeploymentPostprocessing = 0;
		};
		A768E6C51CD46C1200CB7E1F /* Frameworks */ = {
			isa = PBXFrameworksBuildPhase;
			buildActionMask = 2147483647;
			files = (
			);
			runOnlyForDeploymentPostprocessing = 0;
		};
		A768E6D01CD46C1200CB7E1F /* Frameworks */ = {
			isa = PBXFrameworksBuildPhase;
			buildActionMask = 2147483647;
			files = (
			);
			runOnlyForDeploymentPostprocessing = 0;
		};
/* End PBXFrameworksBuildPhase section */

/* Begin PBXGroup section */
		A70B5C151CDF331100E0EA0D /* ViewControllers */ = {
			isa = PBXGroup;
			children = (
				A70B5C271CDF361A00E0EA0D /* AddSemesterViewController.swift */,
				A70B5C371CE06B4D00E0EA0D /* SemesterViewController.swift */,
				A754CE281CE2D1F200283B84 /* CourseViewController.swift */,
				A754CE2A1CE2D9CE00283B84 /* AddCourseViewController.swift */,
			);
			name = ViewControllers;
			sourceTree = "<group>";
		};
		A70B5C161CDF332100E0EA0D /* DataModels */ = {
			isa = PBXGroup;
			children = (
				A754CE241CE1A8FB00283B84 /* Course+CoreDataProperties.swift */,
				A754CE251CE1A8FB00283B84 /* Course.swift */,
				A70B5C331CE0698F00E0EA0D /* Semester+CoreDataProperties.swift */,
				A70B5C341CE0698F00E0EA0D /* Semester.swift */,
			);
			name = DataModels;
			sourceTree = "<group>";
		};
		A70B5C391CE06E0200E0EA0D /* CustomCell */ = {
			isa = PBXGroup;
			children = (
				A70B5C3A1CE06E1800E0EA0D /* SemesterCell.swift */,
				A754CE2C1CE2E22100283B84 /* CourseCell.swift */,
			);
			name = CustomCell;
			sourceTree = "<group>";
		};
		A768E6A81CD46C1100CB7E1F = {
			isa = PBXGroup;
			children = (
				A70B5C1D1CDF348B00E0EA0D /* CoreData.framework */,
				A768E6B31CD46C1100CB7E1F /* UniTimeTable */,
				A768E6CB1CD46C1200CB7E1F /* UniTimeTableTests */,
				A768E6D61CD46C1200CB7E1F /* UniTimeTableUITests */,
				A768E6B21CD46C1100CB7E1F /* Products */,
			);
			sourceTree = "<group>";
		};
		A768E6B21CD46C1100CB7E1F /* Products */ = {
			isa = PBXGroup;
			children = (
				A768E6B11CD46C1100CB7E1F /* UniTimeTable.app */,
				A768E6C81CD46C1200CB7E1F /* UniTimeTableTests.xctest */,
				A768E6D31CD46C1200CB7E1F /* UniTimeTableUITests.xctest */,
			);
			name = Products;
			sourceTree = "<group>";
		};
		A768E6B31CD46C1100CB7E1F /* UniTimeTable */ = {
			isa = PBXGroup;
			children = (
				A70B5C391CE06E0200E0EA0D /* CustomCell */,
				A70B5C161CDF332100E0EA0D /* DataModels */,
				A70B5C151CDF331100E0EA0D /* ViewControllers */,
				A768E6B41CD46C1100CB7E1F /* AppDelegate.swift */,
				A768E6B61CD46C1100CB7E1F /* ViewController.swift */,
				A768E6B81CD46C1200CB7E1F /* Main.storyboard */,
				A768E6BE1CD46C1200CB7E1F /* Assets.xcassets */,
				A768E6C01CD46C1200CB7E1F /* LaunchScreen.storyboard */,
				A768E6C31CD46C1200CB7E1F /* Info.plist */,
				A768E6BB1CD46C1200CB7E1F /* UniTimeTable.xcdatamodeld */,
			);
			path = UniTimeTable;
			sourceTree = "<group>";
		};
		A768E6CB1CD46C1200CB7E1F /* UniTimeTableTests */ = {
			isa = PBXGroup;
			children = (
				A768E6CC1CD46C1200CB7E1F /* UniTimeTableTests.swift */,
				A768E6CE1CD46C1200CB7E1F /* Info.plist */,
			);
			path = UniTimeTableTests;
			sourceTree = "<group>";
		};
		A768E6D61CD46C1200CB7E1F /* UniTimeTableUITests */ = {
			isa = PBXGroup;
			children = (
				A768E6D71CD46C1200CB7E1F /* UniTimeTableUITests.swift */,
				A768E6D91CD46C1200CB7E1F /* Info.plist */,
			);
			path = UniTimeTableUITests;
			sourceTree = "<group>";
		};
/* End PBXGroup section */

/* Begin PBXNativeTarget section */
		A768E6B01CD46C1100CB7E1F /* UniTimeTable */ = {
			isa = PBXNativeTarget;
			buildConfigurationList = A768E6DC1CD46C1200CB7E1F /* Build configuration list for PBXNativeTarget "UniTimeTable" */;
			buildPhases = (
				A768E6AD1CD46C1100CB7E1F /* Sources */,
				A768E6AE1CD46C1100CB7E1F /* Frameworks */,
				A768E6AF1CD46C1100CB7E1F /* Resources */,
			);
			buildRules = (
			);
			dependencies = (
			);
			name = UniTimeTable;
			productName = UniTimeTable;
			productReference = A768E6B11CD46C1100CB7E1F /* UniTimeTable.app */;
			productType = "com.apple.product-type.application";
		};
		A768E6C71CD46C1200CB7E1F /* UniTimeTableTests */ = {
			isa = PBXNativeTarget;
			buildConfigurationList = A768E6DF1CD46C1200CB7E1F /* Build configuration list for PBXNativeTarget "UniTimeTableTests" */;
			buildPhases = (
				A768E6C41CD46C1200CB7E1F /* Sources */,
				A768E6C51CD46C1200CB7E1F /* Frameworks */,
				A768E6C61CD46C1200CB7E1F /* Resources */,
			);
			buildRules = (
			);
			dependencies = (
				A768E6CA1CD46C1200CB7E1F /* PBXTargetDependency */,
			);
			name = UniTimeTableTests;
			productName = UniTimeTableTests;
			productReference = A768E6C81CD46C1200CB7E1F /* UniTimeTableTests.xctest */;
			productType = "com.apple.product-type.bundle.unit-test";
		};
		A768E6D21CD46C1200CB7E1F /* UniTimeTableUITests */ = {
			isa = PBXNativeTarget;
			buildConfigurationList = A768E6E21CD46C1200CB7E1F /* Build configuration list for PBXNativeTarget "UniTimeTableUITests" */;
			buildPhases = (
				A768E6CF1CD46C1200CB7E1F /* Sources */,
				A768E6D01CD46C1200CB7E1F /* Frameworks */,
				A768E6D11CD46C1200CB7E1F /* Resources */,
			);
			buildRules = (
			);
			dependencies = (
				A768E6D51CD46C1200CB7E1F /* PBXTargetDependency */,
			);
			name = UniTimeTableUITests;
			productName = UniTimeTableUITests;
			productReference = A768E6D31CD46C1200CB7E1F /* UniTimeTableUITests.xctest */;
			productType = "com.apple.product-type.bundle.ui-testing";
		};
/* End PBXNativeTarget section */

/* Begin PBXProject section */
		A768E6A91CD46C1100CB7E1F /* Project object */ = {
			isa = PBXProject;
			attributes = {
				LastSwiftUpdateCheck = 0730;
				LastUpgradeCheck = 0730;
				ORGANIZATIONNAME = "Godfrey Gao";
				TargetAttributes = {
					A768E6B01CD46C1100CB7E1F = {
						CreatedOnToolsVersion = 7.3;
						DevelopmentTeam = J2F4FR6D4Q;
					};
					A768E6C71CD46C1200CB7E1F = {
						CreatedOnToolsVersion = 7.3;
						DevelopmentTeam = J2F4FR6D4Q;
						TestTargetID = A768E6B01CD46C1100CB7E1F;
					};
					A768E6D21CD46C1200CB7E1F = {
						CreatedOnToolsVersion = 7.3;
						DevelopmentTeam = J2F4FR6D4Q;
						TestTargetID = A768E6B01CD46C1100CB7E1F;
					};
				};
			};
			buildConfigurationList = A768E6AC1CD46C1100CB7E1F /* Build configuration list for PBXProject "UniTimeTable" */;
			compatibilityVersion = "Xcode 3.2";
			developmentRegion = English;
			hasScannedForEncodings = 0;
			knownRegions = (
				en,
				Base,
			);
			mainGroup = A768E6A81CD46C1100CB7E1F;
			productRefGroup = A768E6B21CD46C1100CB7E1F /* Products */;
			projectDirPath = "";
			projectRoot = "";
			targets = (
				A768E6B01CD46C1100CB7E1F /* UniTimeTable */,
				A768E6C71CD46C1200CB7E1F /* UniTimeTableTests */,
				A768E6D21CD46C1200CB7E1F /* UniTimeTableUITests */,
			);
		};
/* End PBXProject section */

/* Begin PBXResourcesBuildPhase section */
		A768E6AF1CD46C1100CB7E1F /* Resources */ = {
			isa = PBXResourcesBuildPhase;
			buildActionMask = 2147483647;
			files = (
				A768E6C21CD46C1200CB7E1F /* LaunchScreen.storyboard in Resources */,
				A768E6BF1CD46C1200CB7E1F /* Assets.xcassets in Resources */,
				A768E6BA1CD46C1200CB7E1F /* Main.storyboard in Resources */,
			);
			runOnlyForDeploymentPostprocessing = 0;
		};
		A768E6C61CD46C1200CB7E1F /* Resources */ = {
			isa = PBXResourcesBuildPhase;
			buildActionMask = 2147483647;
			files = (
			);
			runOnlyForDeploymentPostprocessing = 0;
		};
		A768E6D11CD46C1200CB7E1F /* Resources */ = {
			isa = PBXResourcesBuildPhase;
			buildActionMask = 2147483647;
			files = (
			);
			runOnlyForDeploymentPostprocessing = 0;
		};
/* End PBXResourcesBuildPhase section */

/* Begin PBXSourcesBuildPhase section */
		A768E6AD1CD46C1100CB7E1F /* Sources */ = {
			isa = PBXSourcesBuildPhase;
			buildActionMask = 2147483647;
			files = (
				A768E6B71CD46C1100CB7E1F /* ViewController.swift in Sources */,
				A754CE2B1CE2D9CE00283B84 /* AddCourseViewController.swift in Sources */,
				A70B5C361CE0698F00E0EA0D /* Semester.swift in Sources */,
				A754CE271CE1A8FB00283B84 /* Course.swift in Sources */,
				A754CE2D1CE2E22100283B84 /* CourseCell.swift in Sources */,
				A70B5C351CE0698F00E0EA0D /* Semester+CoreDataProperties.swift in Sources */,
				A768E6BD1CD46C1200CB7E1F /* UniTimeTable.xcdatamodeld in Sources */,
				A754CE261CE1A8FB00283B84 /* Course+CoreDataProperties.swift in Sources */,
				A70B5C281CDF361A00E0EA0D /* AddSemesterViewController.swift in Sources */,
				A754CE291CE2D1F200283B84 /* CourseViewController.swift in Sources */,
				A70B5C3B1CE06E1800E0EA0D /* SemesterCell.swift in Sources */,
				A70B5C381CE06B4D00E0EA0D /* SemesterViewController.swift in Sources */,
				A768E6B51CD46C1100CB7E1F /* AppDelegate.swift in Sources */,
			);
			runOnlyForDeploymentPostprocessing = 0;
		};
		A768E6C41CD46C1200CB7E1F /* Sources */ = {
			isa = PBXSourcesBuildPhase;
			buildActionMask = 2147483647;
			files = (
				A768E6CD1CD46C1200CB7E1F /* UniTimeTableTests.swift in Sources */,
			);
			runOnlyForDeploymentPostprocessing = 0;
		};
		A768E6CF1CD46C1200CB7E1F /* Sources */ = {
			isa = PBXSourcesBuildPhase;
			buildActionMask = 2147483647;
			files = (
				A768E6D81CD46C1200CB7E1F /* UniTimeTableUITests.swift in Sources */,
			);
			runOnlyForDeploymentPostprocessing = 0;
		};
/* End PBXSourcesBuildPhase section */

/* Begin PBXTargetDependency section */
		A768E6CA1CD46C1200CB7E1F /* PBXTargetDependency */ = {
			isa = PBXTargetDependency;
			target = A768E6B01CD46C1100CB7E1F /* UniTimeTable */;
			targetProxy = A768E6C91CD46C1200CB7E1F /* PBXContainerItemProxy */;
		};
		A768E6D51CD46C1200CB7E1F /* PBXTargetDependency */ = {
			isa = PBXTargetDependency;
			target = A768E6B01CD46C1100CB7E1F /* UniTimeTable */;
			targetProxy = A768E6D41CD46C1200CB7E1F /* PBXContainerItemProxy */;
		};
/* End PBXTargetDependency section */

/* Begin PBXVariantGroup section */
		A768E6B81CD46C1200CB7E1F /* Main.storyboard */ = {
			isa = PBXVariantGroup;
			children = (
				A768E6B91CD46C1200CB7E1F /* Base */,
			);
			name = Main.storyboard;
			sourceTree = "<group>";
		};
		A768E6C01CD46C1200CB7E1F /* LaunchScreen.storyboard */ = {
			isa = PBXVariantGroup;
			children = (
				A768E6C11CD46C1200CB7E1F /* Base */,
			);
			name = LaunchScreen.storyboard;
			sourceTree = "<group>";
		};
/* End PBXVariantGroup section */

/* Begin XCBuildConfiguration section */
		A768E6DA1CD46C1200CB7E1F /* Debug */ = {
			isa = XCBuildConfiguration;
			buildSettings = {
				ALWAYS_SEARCH_USER_PATHS = NO;
				CLANG_ANALYZER_NONNULL = YES;
				CLANG_CXX_LANGUAGE_STANDARD = "gnu++0x";
				CLANG_CXX_LIBRARY = "libc++";
				CLANG_ENABLE_MODULES = YES;
				CLANG_ENABLE_OBJC_ARC = YES;
				CLANG_WARN_BOOL_CONVERSION = YES;
				CLANG_WARN_CONSTANT_CONVERSION = YES;
				CLANG_WARN_DIRECT_OBJC_ISA_USAGE = YES_ERROR;
				CLANG_WARN_EMPTY_BODY = YES;
				CLANG_WARN_ENUM_CONVERSION = YES;
				CLANG_WARN_INT_CONVERSION = YES;
				CLANG_WARN_OBJC_ROOT_CLASS = YES_ERROR;
				CLANG_WARN_UNREACHABLE_CODE = YES;
				CLANG_WARN__DUPLICATE_METHOD_MATCH = YES;
				"CODE_SIGN_IDENTITY[sdk=iphoneos*]" = "iPhone Developer";
				COPY_PHASE_STRIP = NO;
				DEBUG_INFORMATION_FORMAT = dwarf;
				ENABLE_STRICT_OBJC_MSGSEND = YES;
				ENABLE_TESTABILITY = YES;
				GCC_C_LANGUAGE_STANDARD = gnu99;
				GCC_DYNAMIC_NO_PIC = NO;
				GCC_NO_COMMON_BLOCKS = YES;
				GCC_OPTIMIZATION_LEVEL = 0;
				GCC_PREPROCESSOR_DEFINITIONS = (
					"DEBUG=1",
					"$(inherited)",
				);
				GCC_WARN_64_TO_32_BIT_CONVERSION = YES;
				GCC_WARN_ABOUT_RETURN_TYPE = YES_ERROR;
				GCC_WARN_UNDECLARED_SELECTOR = YES;
				GCC_WARN_UNINITIALIZED_AUTOS = YES_AGGRESSIVE;
				GCC_WARN_UNUSED_FUNCTION = YES;
				GCC_WARN_UNUSED_VARIABLE = YES;
				IPHONEOS_DEPLOYMENT_TARGET = 9.3;
				MTL_ENABLE_DEBUG_INFO = YES;
				ONLY_ACTIVE_ARCH = YES;
				SDKROOT = iphoneos;
				SWIFT_OPTIMIZATION_LEVEL = "-Onone";
			};
			name = Debug;
		};
		A768E6DB1CD46C1200CB7E1F /* Release */ = {
			isa = XCBuildConfiguration;
			buildSettings = {
				ALWAYS_SEARCH_USER_PATHS = NO;
				CLANG_ANALYZER_NONNULL = YES;
				CLANG_CXX_LANGUAGE_STANDARD = "gnu++0x";
				CLANG_CXX_LIBRARY = "libc++";
				CLANG_ENABLE_MODULES = YES;
				CLANG_ENABLE_OBJC_ARC = YES;
				CLANG_WARN_BOOL_CONVERSION = YES;
				CLANG_WARN_CONSTANT_CONVERSION = YES;
				CLANG_WARN_DIRECT_OBJC_ISA_USAGE = YES_ERROR;
				CLANG_WARN_EMPTY_BODY = YES;
				CLANG_WARN_ENUM_CONVERSION = YES;
				CLANG_WARN_INT_CONVERSION = YES;
				CLANG_WARN_OBJC_ROOT_CLASS = YES_ERROR;
				CLANG_WARN_UNREACHABLE_CODE = YES;
				CLANG_WARN__DUPLICATE_METHOD_MATCH = YES;
				"CODE_SIGN_IDENTITY[sdk=iphoneos*]" = "iPhone Developer";
				COPY_PHASE_STRIP = NO;
				DEBUG_INFORMATION_FORMAT = "dwarf-with-dsym";
				ENABLE_NS_ASSERTIONS = NO;
				ENABLE_STRICT_OBJC_MSGSEND = YES;
				GCC_C_LANGUAGE_STANDARD = gnu99;
				GCC_NO_COMMON_BLOCKS = YES;
				GCC_WARN_64_TO_32_BIT_CONVERSION = YES;
				GCC_WARN_ABOUT_RETURN_TYPE = YES_ERROR;
				GCC_WARN_UNDECLARED_SELECTOR = YES;
				GCC_WARN_UNINITIALIZED_AUTOS = YES_AGGRESSIVE;
				GCC_WARN_UNUSED_FUNCTION = YES;
				GCC_WARN_UNUSED_VARIABLE = YES;
				IPHONEOS_DEPLOYMENT_TARGET = 9.3;
				MTL_ENABLE_DEBUG_INFO = NO;
				SDKROOT = iphoneos;
				VALIDATE_PRODUCT = YES;
			};
			name = Release;
		};
		A768E6DD1CD46C1200CB7E1F /* Debug */ = {
			isa = XCBuildConfiguration;
			buildSettings = {
				ASSETCATALOG_COMPILER_APPICON_NAME = AppIcon;
				INFOPLIST_FILE = UniTimeTable/Info.plist;
				LD_RUNPATH_SEARCH_PATHS = "$(inherited) @executable_path/Frameworks";
				PRODUCT_BUNDLE_IDENTIFIER = MBP.UniTimeTable;
				PRODUCT_NAME = "$(TARGET_NAME)";
			};
			name = Debug;
		};
		A768E6DE1CD46C1200CB7E1F /* Release */ = {
			isa = XCBuildConfiguration;
			buildSettings = {
				ASSETCATALOG_COMPILER_APPICON_NAME = AppIcon;
				INFOPLIST_FILE = UniTimeTable/Info.plist;
				LD_RUNPATH_SEARCH_PATHS = "$(inherited) @executable_path/Frameworks";
				PRODUCT_BUNDLE_IDENTIFIER = MBP.UniTimeTable;
				PRODUCT_NAME = "$(TARGET_NAME)";
			};
			name = Release;
		};
		A768E6E01CD46C1200CB7E1F /* Debug */ = {
			isa = XCBuildConfiguration;
			buildSettings = {
				BUNDLE_LOADER = "$(TEST_HOST)";
				INFOPLIST_FILE = UniTimeTableTests/Info.plist;
				LD_RUNPATH_SEARCH_PATHS = "$(inherited) @executable_path/Frameworks @loader_path/Frameworks";
				PRODUCT_BUNDLE_IDENTIFIER = MBP.UniTimeTableTests;
				PRODUCT_NAME = "$(TARGET_NAME)";
				TEST_HOST = "$(BUILT_PRODUCTS_DIR)/UniTimeTable.app/UniTimeTable";
			};
			name = Debug;
		};
		A768E6E11CD46C1200CB7E1F /* Release */ = {
			isa = XCBuildConfiguration;
			buildSettings = {
				BUNDLE_LOADER = "$(TEST_HOST)";
				INFOPLIST_FILE = UniTimeTableTests/Info.plist;
				LD_RUNPATH_SEARCH_PATHS = "$(inherited) @executable_path/Frameworks @loader_path/Frameworks";
				PRODUCT_BUNDLE_IDENTIFIER = MBP.UniTimeTableTests;
				PRODUCT_NAME = "$(TARGET_NAME)";
				TEST_HOST = "$(BUILT_PRODUCTS_DIR)/UniTimeTable.app/UniTimeTable";
			};
			name = Release;
		};
		A768E6E31CD46C1200CB7E1F /* Debug */ = {
			isa = XCBuildConfiguration;
			buildSettings = {
				INFOPLIST_FILE = UniTimeTableUITests/Info.plist;
				LD_RUNPATH_SEARCH_PATHS = "$(inherited) @executable_path/Frameworks @loader_path/Frameworks";
				PRODUCT_BUNDLE_IDENTIFIER = MBP.UniTimeTableUITests;
				PRODUCT_NAME = "$(TARGET_NAME)";
				TEST_TARGET_NAME = UniTimeTable;
			};
			name = Debug;
		};
		A768E6E41CD46C1200CB7E1F /* Release */ = {
			isa = XCBuildConfiguration;
			buildSettings = {
				INFOPLIST_FILE = UniTimeTableUITests/Info.plist;
				LD_RUNPATH_SEARCH_PATHS = "$(inherited) @executable_path/Frameworks @loader_path/Frameworks";
				PRODUCT_BUNDLE_IDENTIFIER = MBP.UniTimeTableUITests;
				PRODUCT_NAME = "$(TARGET_NAME)";
				TEST_TARGET_NAME = UniTimeTable;
			};
			name = Release;
		};
/* End XCBuildConfiguration section */

/* Begin XCConfigurationList section */
		A768E6AC1CD46C1100CB7E1F /* Build configuration list for PBXProject "UniTimeTable" */ = {
			isa = XCConfigurationList;
			buildConfigurations = (
				A768E6DA1CD46C1200CB7E1F /* Debug */,
				A768E6DB1CD46C1200CB7E1F /* Release */,
			);
			defaultConfigurationIsVisible = 0;
			defaultConfigurationName = Release;
		};
		A768E6DC1CD46C1200CB7E1F /* Build configuration list for PBXNativeTarget "UniTimeTable" */ = {
			isa = XCConfigurationList;
			buildConfigurations = (
				A768E6DD1CD46C1200CB7E1F /* Debug */,
				A768E6DE1CD46C1200CB7E1F /* Release */,
			);
			defaultConfigurationIsVisible = 0;
			defaultConfigurationName = Release;
		};
		A768E6DF1CD46C1200CB7E1F /* Build configuration list for PBXNativeTarget "UniTimeTableTests" */ = {
			isa = XCConfigurationList;
			buildConfigurations = (
				A768E6E01CD46C1200CB7E1F /* Debug */,
				A768E6E11CD46C1200CB7E1F /* Release */,
			);
			defaultConfigurationIsVisible = 0;
			defaultConfigurationName = Release;
		};
		A768E6E21CD46C1200CB7E1F /* Build configuration list for PBXNativeTarget "UniTimeTableUITests" */ = {
			isa = XCConfigurationList;
			buildConfigurations = (
				A768E6E31CD46C1200CB7E1F /* Debug */,
				A768E6E41CD46C1200CB7E1F /* Release */,
			);
			defaultConfigurationIsVisible = 0;
			defaultConfigurationName = Release;
		};
/* End XCConfigurationList section */

/* Begin XCVersionGroup section */
		A768E6BB1CD46C1200CB7E1F /* UniTimeTable.xcdatamodeld */ = {
			isa = XCVersionGroup;
			children = (
				A768E6BC1CD46C1200CB7E1F /* UniTimeTable.xcdatamodel */,
			);
			currentVersion = A768E6BC1CD46C1200CB7E1F /* UniTimeTable.xcdatamodel */;
			path = UniTimeTable.xcdatamodeld;
			sourceTree = "<group>";
			versionGroupType = wrapper.xcdatamodel;
		};
/* End XCVersionGroup section */
	};
	rootObject = A768E6A91CD46C1100CB7E1F /* Project object */;
}
